
Microsoft Visual Studio Solution File, Format Version 12.00
# Visual Studio 15
VisualStudioVersion = 15.0.27703.2026
MinimumVisualStudioVersion = 10.0.40219.1
Project("{FAE04EC0-301F-11D3-BF4B-00C04F79EFBC}") = "LogReader2", "LogReader2\LogReader2.csproj", "{291992CC-40ED-4221-9E69-5C49FABD1664}"
EndProject
Global
	GlobalSection(SolutionConfigurationPlatforms) = preSolution
		Debug|Any CPU = Debug|Any CPU
		Release|Any CPU = Release|Any CPU
	EndGlobalSection
	GlobalSection(ProjectConfigurationPlatforms) = postSolution
		{291992CC-40ED-4221-9E69-5C49FABD1664}.Debug|Any CPU.ActiveCfg = Debug|Any CPU
		{291992CC-40ED-4221-9E69-5C49FABD1664}.Debug|Any CPU.Build.0 = Debug|Any CPU
		{291992CC-40ED-4221-9E69-5C49FABD1664}.Release|Any CPU.ActiveCfg = Release|Any CPU
		{291992CC-40ED-4221-9E69-5C49FABD1664}.Release|Any CPU.Build.0 = Release|Any CPU
	EndGlobalSection
	GlobalSection(SolutionProperties) = preSolution
		HideSolutionNode = FALSE
	EndGlobalSection
	GlobalSection(ExtensibilityGlobals) = postSolution
		SolutionGuid = {59915D43-77C6-4768-9869-1F114F0FEF81}
	EndGlobalSection
EndGlobal
